
Microsoft Visual Studio Solution File, Format Version 12.00
Project("{FAE04EC0-301F-11D3-BF4B-00C04F79EFBC}") = "GIK299_L4_Labbgrupp12", "GIK299_L4_Labbgrupp12\GIK299_L4_Labbgrupp12.csproj", "{766B1D8A-F5E9-4563-9156-DB70AB77BCDE}"
EndProject
Global
	GlobalSection(SolutionConfigurationPlatforms) = preSolution
		Debug|Any CPU = Debug|Any CPU
		Release|Any CPU = Release|Any CPU
	EndGlobalSection
	GlobalSection(ProjectConfigurationPlatforms) = postSolution
		{766B1D8A-F5E9-4563-9156-DB70AB77BCDE}.Debug|Any CPU.ActiveCfg = Debug|Any CPU
		{766B1D8A-F5E9-4563-9156-DB70AB77BCDE}.Debug|Any CPU.Build.0 = Debug|Any CPU
		{766B1D8A-F5E9-4563-9156-DB70AB77BCDE}.Release|Any CPU.ActiveCfg = Release|Any CPU
		{766B1D8A-F5E9-4563-9156-DB70AB77BCDE}.Release|Any CPU.Build.0 = Release|Any CPU
	EndGlobalSection
EndGlobal
